
Microsoft Visual Studio Solution File, Format Version 12.00
Project("{FAE04EC0-301F-11D3-BF4B-00C04F79EFBC}") = "SteeringSeekDemo", "SteeringSeekDemo\SteeringSeekDemo.csproj", "{E73E8B2F-653F-4426-9250-1B86095D7B5B}"
EndProject
Project("{FAE04EC0-301F-11D3-BF4B-00C04F79EFBC}") = "SteeringBehaviors", "SteeringBehaviors\SteeringBehaviors.csproj", "{29F54D4A-9DFF-45D3-94B7-E6EF87A98823}"
EndProject
Project("{FAE04EC0-301F-11D3-BF4B-00C04F79EFBC}") = "GameMath", "GameMath\GameMath.csproj", "{AF6623EC-0195-4A93-8991-21356D98A9BB}"
EndProject
Global
	GlobalSection(SolutionConfigurationPlatforms) = preSolution
		Debug|Any CPU = Debug|Any CPU
		Release|Any CPU = Release|Any CPU
	EndGlobalSection
	GlobalSection(ProjectConfigurationPlatforms) = postSolution
		{E73E8B2F-653F-4426-9250-1B86095D7B5B}.Debug|Any CPU.ActiveCfg = Debug|Any CPU
		{E73E8B2F-653F-4426-9250-1B86095D7B5B}.Debug|Any CPU.Build.0 = Debug|Any CPU
		{E73E8B2F-653F-4426-9250-1B86095D7B5B}.Release|Any CPU.ActiveCfg = Release|Any CPU
		{E73E8B2F-653F-4426-9250-1B86095D7B5B}.Release|Any CPU.Build.0 = Release|Any CPU
		{29F54D4A-9DFF-45D3-94B7-E6EF87A98823}.Debug|Any CPU.ActiveCfg = Debug|Any CPU
		{29F54D4A-9DFF-45D3-94B7-E6EF87A98823}.Debug|Any CPU.Build.0 = Debug|Any CPU
		{29F54D4A-9DFF-45D3-94B7-E6EF87A98823}.Release|Any CPU.ActiveCfg = Release|Any CPU
		{29F54D4A-9DFF-45D3-94B7-E6EF87A98823}.Release|Any CPU.Build.0 = Release|Any CPU
		{AF6623EC-0195-4A93-8991-21356D98A9BB}.Debug|Any CPU.ActiveCfg = Debug|Any CPU
		{AF6623EC-0195-4A93-8991-21356D98A9BB}.Debug|Any CPU.Build.0 = Debug|Any CPU
		{AF6623EC-0195-4A93-8991-21356D98A9BB}.Release|Any CPU.ActiveCfg = Release|Any CPU
		{AF6623EC-0195-4A93-8991-21356D98A9BB}.Release|Any CPU.Build.0 = Release|Any CPU
	EndGlobalSection
EndGlobal
